
Microsoft Visual Studio Solution File, Format Version 12.00
# Visual Studio Version 16
VisualStudioVersion = 16.0.30011.22
MinimumVisualStudioVersion = 10.0.40219.1
Project("{FAE04EC0-301F-11D3-BF4B-00C04F79EFBC}") = "pePolymorpherBuilder", "pePolymorpherBuilder\pePolymorpherBuilder.csproj", "{80702522-A8B2-4A1E-A276-8B3E3DFB04F9}"
EndProject
Global
	GlobalSection(SolutionConfigurationPlatforms) = preSolution
		Debug|Any CPU = Debug|Any CPU
		Release|Any CPU = Release|Any CPU
	EndGlobalSection
	GlobalSection(ProjectConfigurationPlatforms) = postSolution
		{80702522-A8B2-4A1E-A276-8B3E3DFB04F9}.Debug|Any CPU.ActiveCfg = Debug|Any CPU
		{80702522-A8B2-4A1E-A276-8B3E3DFB04F9}.Debug|Any CPU.Build.0 = Debug|Any CPU
		{80702522-A8B2-4A1E-A276-8B3E3DFB04F9}.Release|Any CPU.ActiveCfg = Release|Any CPU
		{80702522-A8B2-4A1E-A276-8B3E3DFB04F9}.Release|Any CPU.Build.0 = Release|Any CPU
	EndGlobalSection
	GlobalSection(SolutionProperties) = preSolution
		HideSolutionNode = FALSE
	EndGlobalSection
	GlobalSection(ExtensibilityGlobals) = postSolution
		SolutionGuid = {9AA69995-5417-42B3-A334-70E11402032C}
	EndGlobalSection
EndGlobal
